
Microsoft Visual Studio Solution File, Format Version 12.00
# Visual Studio Version 16
VisualStudioVersion = 16.0.28803.202
MinimumVisualStudioVersion = 10.0.40219.1
Project("{9A19103F-16F7-4668-BE54-9A1E7A4F7556}") = "MaYSharp", "MaYSharp\MaYSharp.csproj", "{598CDF28-04CE-4A63-948A-E33006AD3DD0}"
EndProject
Global
	GlobalSection(SolutionConfigurationPlatforms) = preSolution
		Debug|Any CPU = Debug|Any CPU
		Release|Any CPU = Release|Any CPU
	EndGlobalSection
	GlobalSection(ProjectConfigurationPlatforms) = postSolution
		{598CDF28-04CE-4A63-948A-E33006AD3DD0}.Debug|Any CPU.ActiveCfg = Debug|Any CPU
		{598CDF28-04CE-4A63-948A-E33006AD3DD0}.Debug|Any CPU.Build.0 = Debug|Any CPU
		{598CDF28-04CE-4A63-948A-E33006AD3DD0}.Release|Any CPU.ActiveCfg = Release|Any CPU
		{598CDF28-04CE-4A63-948A-E33006AD3DD0}.Release|Any CPU.Build.0 = Release|Any CPU
	EndGlobalSection
	GlobalSection(SolutionProperties) = preSolution
		HideSolutionNode = FALSE
	EndGlobalSection
	GlobalSection(ExtensibilityGlobals) = postSolution
		SolutionGuid = {D98D49CC-1B27-4B5C-B1F4-0733DFBC7274}
	EndGlobalSection
EndGlobal
